
Microsoft Visual Studio Solution File, Format Version 12.00
# Visual Studio Version 16
VisualStudioVersion = 16.0.29709.97
MinimumVisualStudioVersion = 10.0.40219.1
Project("{9A19103F-16F7-4668-BE54-9A1E7A4F7556}") = "FileFinder", "FileFinder\FileFinder.csproj", "{B3F9286C-4013-4048-8D9A-154B89269C47}"
EndProject
Project("{2150E333-8FDC-42A3-9474-1A3956D46DE8}") = "Solution Items", "Solution Items", "{A13D2487-F964-4BB1-994E-6C0778E1AC71}"
	ProjectSection(SolutionItems) = preProject
		.editorconfig = .editorconfig
	EndProjectSection
EndProject
Global
	GlobalSection(SolutionConfigurationPlatforms) = preSolution
		Debug|Any CPU = Debug|Any CPU
		Release|Any CPU = Release|Any CPU
	EndGlobalSection
	GlobalSection(ProjectConfigurationPlatforms) = postSolution
		{B3F9286C-4013-4048-8D9A-154B89269C47}.Debug|Any CPU.ActiveCfg = Debug|Any CPU
		{B3F9286C-4013-4048-8D9A-154B89269C47}.Debug|Any CPU.Build.0 = Debug|Any CPU
		{B3F9286C-4013-4048-8D9A-154B89269C47}.Release|Any CPU.ActiveCfg = Release|Any CPU
		{B3F9286C-4013-4048-8D9A-154B89269C47}.Release|Any CPU.Build.0 = Release|Any CPU
	EndGlobalSection
	GlobalSection(SolutionProperties) = preSolution
		HideSolutionNode = FALSE
	EndGlobalSection
	GlobalSection(ExtensibilityGlobals) = postSolution
		SolutionGuid = {A372D86D-AF05-4704-9B93-478B5294DCEE}
	EndGlobalSection
EndGlobal
